// !$*UTF8*$!
{
	archiveVersion = 1;
	classes = {
	};
	objectVersion = 46;
	objects = {

/* Begin PBXBuildFile section */
		3DD580CA19546BB40085AA5A /* AppDelegate.swift in Sources */ = {isa = PBXBuildFile; fileRef = 3DD580C919546BB40085AA5A /* AppDelegate.swift */; };
		3DD580CC19546BB40085AA5A /* ViewController.swift in Sources */ = {isa = PBXBuildFile; fileRef = 3DD580CB19546BB40085AA5A /* ViewController.swift */; };
		3DD580CF19546BB40085AA5A /* Main.storyboard in Resources */ = {isa = PBXBuildFile; fileRef = 3DD580CD19546BB40085AA5A /* Main.storyboard */; };
		3DD580D119546BB40085AA5A /* Images.xcassets in Resources */ = {isa = PBXBuildFile; fileRef = 3DD580D019546BB40085AA5A /* Images.xcassets */; };
		3DD580DD19546BB40085AA5A /* test_appTests.swift in Sources */ = {isa = PBXBuildFile; fileRef = 3DD580DC19546BB40085AA5A /* test_appTests.swift */; };
		3DD580E719546BFE0085AA5A /* GovDataRequest.swift in Sources */ = {isa = PBXBuildFile; fileRef = 3DD580E619546BFE0085AA5A /* GovDataRequest.swift */; };
/* End PBXBuildFile section */

/* Begin PBXContainerItemProxy section */
		3DD580D719546BB40085AA5A /* PBXContainerItemProxy */ = {
			isa = PBXContainerItemProxy;
			containerPortal = 3DD580BC19546BB40085AA5A /* Project object */;
			proxyType = 1;
			remoteGlobalIDString = 3DD580C319546BB40085AA5A;
			remoteInfo = "test app";
		};
/* End PBXContainerItemProxy section */

/* Begin PBXFileReference section */
		3DD580C419546BB40085AA5A /* test app.app */ = {isa = PBXFileReference; explicitFileType = wrapper.application; includeInIndex = 0; path = "test app.app"; sourceTree = BUILT_PRODUCTS_DIR; };
		3DD580C819546BB40085AA5A /* Info.plist */ = {isa = PBXFileReference; lastKnownFileType = text.plist.xml; path = Info.plist; sourceTree = "<group>"; };
		3DD580C919546BB40085AA5A /* AppDelegate.swift */ = {isa = PBXFileReference; lastKnownFileType = sourcecode.swift; path = AppDelegate.swift; sourceTree = "<group>"; };
		3DD580CB19546BB40085AA5A /* ViewController.swift */ = {isa = PBXFileReference; lastKnownFileType = sourcecode.swift; path = ViewController.swift; sourceTree = "<group>"; };
		3DD580CE19546BB40085AA5A /* Base */ = {isa = PBXFileReference; lastKnownFileType = file.storyboard; name = Base; path = Base.lproj/Main.storyboard; sourceTree = "<group>"; };
		3DD580D019546BB40085AA5A /* Images.xcassets */ = {isa = PBXFileReference; lastKnownFileType = folder.assetcatalog; path = Images.xcassets; sourceTree = "<group>"; };
		3DD580D619546BB40085AA5A /* test appTests.xctest */ = {isa = PBXFileReference; explicitFileType = wrapper.cfbundle; includeInIndex = 0; path = "test appTests.xctest"; sourceTree = BUILT_PRODUCTS_DIR; };
		3DD580DB19546BB40085AA5A /* Info.plist */ = {isa = PBXFileReference; lastKnownFileType = text.plist.xml; path = Info.plist; sourceTree = "<group>"; };
		3DD580DC19546BB40085AA5A /* test_appTests.swift */ = {isa = PBXFileReference; lastKnownFileType = sourcecode.swift; path = test_appTests.swift; sourceTree = "<group>"; };
		3DD580E619546BFE0085AA5A /* GovDataRequest.swift */ = {isa = PBXFileReference; fileEncoding = 4; lastKnownFileType = sourcecode.swift; path = GovDataRequest.swift; sourceTree = "<group>"; };
/* End PBXFileReference section */

/* Begin PBXFrameworksBuildPhase section */
		3DD580C119546BB40085AA5A /* Frameworks */ = {
			isa = PBXFrameworksBuildPhase;
			buildActionMask = 2147483647;
			files = (
			);
			runOnlyForDeploymentPostprocessing = 0;
		};
		3DD580D319546BB40085AA5A /* Frameworks */ = {
			isa = PBXFrameworksBuildPhase;
			buildActionMask = 2147483647;
			files = (
			);
			runOnlyForDeploymentPostprocessing = 0;
		};
/* End PBXFrameworksBuildPhase section */

/* Begin PBXGroup section */
		3DD580BB19546BB40085AA5A = {
			isa = PBXGroup;
			children = (
				3DD580C619546BB40085AA5A /* test app */,
				3DD580D919546BB40085AA5A /* test appTests */,
				3DD580C519546BB40085AA5A /* Products */,
			);
			sourceTree = "<group>";
		};
		3DD580C519546BB40085AA5A /* Products */ = {
			isa = PBXGroup;
			children = (
				3DD580C419546BB40085AA5A /* test app.app */,
				3DD580D619546BB40085AA5A /* test appTests.xctest */,
			);
			name = Products;
			sourceTree = "<group>";
		};
		3DD580C619546BB40085AA5A /* test app */ = {
			isa = PBXGroup;
			children = (
				3DD580E619546BFE0085AA5A /* GovDataRequest.swift */,
				3DD580C919546BB40085AA5A /* AppDelegate.swift */,
				3DD580CB19546BB40085AA5A /* ViewController.swift */,
				3DD580CD19546BB40085AA5A /* Main.storyboard */,
				3DD580D019546BB40085AA5A /* Images.xcassets */,
				3DD580C719546BB40085AA5A /* Supporting Files */,
			);
			path = "test app";
			sourceTree = "<group>";
		};
		3DD580C719546BB40085AA5A /* Supporting Files */ = {
			isa = PBXGroup;
			children = (
				3DD580C819546BB40085AA5A /* Info.plist */,
			);
			name = "Supporting Files";
			sourceTree = "<group>";
		};
		3DD580D919546BB40085AA5A /* test appTests */ = {
			isa = PBXGroup;
			children = (
				3DD580DC19546BB40085AA5A /* test_appTests.swift */,
				3DD580DA19546BB40085AA5A /* Supporting Files */,
			);
			path = "test appTests";
			sourceTree = "<group>";
		};
		3DD580DA19546BB40085AA5A /* Supporting Files */ = {
			isa = PBXGroup;
			children = (
				3DD580DB19546BB40085AA5A /* Info.plist */,
			);
			name = "Supporting Files";
			sourceTree = "<group>";
		};
/* End PBXGroup section */

/* Begin PBXNativeTarget section */
		3DD580C319546BB40085AA5A /* test app */ = {
			isa = PBXNativeTarget;
			buildConfigurationList = 3DD580E019546BB40085AA5A /* Build configuration list for PBXNativeTarget "test app" */;
			buildPhases = (
				3DD580C019546BB40085AA5A /* Sources */,
				3DD580C119546BB40085AA5A /* Frameworks */,
				3DD580C219546BB40085AA5A /* Resources */,
			);
			buildRules = (
			);
			dependencies = (
			);
			name = "test app";
			productName = "test app";
			productReference = 3DD580C419546BB40085AA5A /* test app.app */;
			productType = "com.apple.product-type.application";
		};
		3DD580D519546BB40085AA5A /* test appTests */ = {
			isa = PBXNativeTarget;
			buildConfigurationList = 3DD580E319546BB40085AA5A /* Build configuration list for PBXNativeTarget "test appTests" */;
			buildPhases = (
				3DD580D219546BB40085AA5A /* Sources */,
				3DD580D319546BB40085AA5A /* Frameworks */,
				3DD580D419546BB40085AA5A /* Resources */,
			);
			buildRules = (
			);
			dependencies = (
				3DD580D819546BB40085AA5A /* PBXTargetDependency */,
			);
			name = "test appTests";
			productName = "test appTests";
			productReference = 3DD580D619546BB40085AA5A /* test appTests.xctest */;
			productType = "com.apple.product-type.bundle.unit-test";
		};
/* End PBXNativeTarget section */

/* Begin PBXProject section */
		3DD580BC19546BB40085AA5A /* Project object */ = {
			isa = PBXProject;
			attributes = {
				LastUpgradeCheck = 0600;
				ORGANIZATIONNAME = "U.S. Department of Labor";
				TargetAttributes = {
					3DD580C319546BB40085AA5A = {
						CreatedOnToolsVersion = 6.0;
					};
					3DD580D519546BB40085AA5A = {
						CreatedOnToolsVersion = 6.0;
						TestTargetID = 3DD580C319546BB40085AA5A;
					};
				};
			};
			buildConfigurationList = 3DD580BF19546BB40085AA5A /* Build configuration list for PBXProject "test app" */;
			compatibilityVersion = "Xcode 3.2";
			developmentRegion = English;
			hasScannedForEncodings = 0;
			knownRegions = (
				en,
				Base,
			);
			mainGroup = 3DD580BB19546BB40085AA5A;
			productRefGroup = 3DD580C519546BB40085AA5A /* Products */;
			projectDirPath = "";
			projectRoot = "";
			targets = (
				3DD580C319546BB40085AA5A /* test app */,
				3DD580D519546BB40085AA5A /* test appTests */,
			);
		};
/* End PBXProject section */

/* Begin PBXResourcesBuildPhase section */
		3DD580C219546BB40085AA5A /* Resources */ = {
			isa = PBXResourcesBuildPhase;
			buildActionMask = 2147483647;
			files = (
				3DD580CF19546BB40085AA5A /* Main.storyboard in Resources */,
				3DD580D119546BB40085AA5A /* Images.xcassets in Resources */,
			);
			runOnlyForDeploymentPostprocessing = 0;
		};
		3DD580D419546BB40085AA5A /* Resources */ = {
			isa = PBXResourcesBuildPhase;
			buildActionMask = 2147483647;
			files = (
			);
			runOnlyForDeploymentPostprocessing = 0;
		};
/* End PBXResourcesBuildPhase section */

/* Begin PBXSourcesBuildPhase section */
		3DD580C019546BB40085AA5A /* Sources */ = {
			isa = PBXSourcesBuildPhase;
			buildActionMask = 2147483647;
			files = (
				3DD580CC19546BB40085AA5A /* ViewController.swift in Sources */,
				3DD580E719546BFE0085AA5A /* GovDataRequest.swift in Sources */,
				3DD580CA19546BB40085AA5A /* AppDelegate.swift in Sources */,
			);
			runOnlyForDeploymentPostprocessing = 0;
		};
		3DD580D219546BB40085AA5A /* Sources */ = {
			isa = PBXSourcesBuildPhase;
			buildActionMask = 2147483647;
			files = (
				3DD580DD19546BB40085AA5A /* test_appTests.swift in Sources */,
			);
			runOnlyForDeploymentPostprocessing = 0;
		};
/* End PBXSourcesBuildPhase section */

/* Begin PBXTargetDependency section */
		3DD580D819546BB40085AA5A /* PBXTargetDependency */ = {
			isa = PBXTargetDependency;
			target = 3DD580C319546BB40085AA5A /* test app */;
			targetProxy = 3DD580D719546BB40085AA5A /* PBXContainerItemProxy */;
		};
/* End PBXTargetDependency section */

/* Begin PBXVariantGroup section */
		3DD580CD19546BB40085AA5A /* Main.storyboard */ = {
			isa = PBXVariantGroup;
			children = (
				3DD580CE19546BB40085AA5A /* Base */,
			);
			name = Main.storyboard;
			sourceTree = "<group>";
		};
/* End PBXVariantGroup section */

/* Begin XCBuildConfiguration section */
		3DD580DE19546BB40085AA5A /* Debug */ = {
			isa = XCBuildConfiguration;
			buildSettings = {
				ALWAYS_SEARCH_USER_PATHS = NO;
				CLANG_CXX_LANGUAGE_STANDARD = "gnu++0x";
				CLANG_CXX_LIBRARY = "libc++";
				CLANG_ENABLE_MODULES = YES;
				CLANG_ENABLE_OBJC_ARC = YES;
				CLANG_WARN_BOOL_CONVERSION = YES;
				CLANG_WARN_CONSTANT_CONVERSION = YES;
				CLANG_WARN_DIRECT_OBJC_ISA_USAGE = YES_ERROR;
				CLANG_WARN_EMPTY_BODY = YES;
				CLANG_WARN_ENUM_CONVERSION = YES;
				CLANG_WARN_INT_CONVERSION = YES;
				CLANG_WARN_OBJC_ROOT_CLASS = YES_ERROR;
				CLANG_WARN_UNREACHABLE_CODE = YES;
				CLANG_WARN__DUPLICATE_METHOD_MATCH = YES;
				"CODE_SIGN_IDENTITY[sdk=iphoneos*]" = "iPhone Developer";
				COPY_PHASE_STRIP = NO;
				ENABLE_STRICT_OBJC_MSGSEND = YES;
				GCC_C_LANGUAGE_STANDARD = gnu99;
				GCC_DYNAMIC_NO_PIC = NO;
				GCC_OPTIMIZATION_LEVEL = 0;
				GCC_PREPROCESSOR_DEFINITIONS = (
					"DEBUG=1",
					"$(inherited)",
				);
				GCC_SYMBOLS_PRIVATE_EXTERN = NO;
				GCC_WARN_64_TO_32_BIT_CONVERSION = YES;
				GCC_WARN_ABOUT_RETURN_TYPE = YES_ERROR;
				GCC_WARN_UNDECLARED_SELECTOR = YES;
				GCC_WARN_UNINITIALIZED_AUTOS = YES_AGGRESSIVE;
				GCC_WARN_UNUSED_FUNCTION = YES;
				GCC_WARN_UNUSED_VARIABLE = YES;
				IPHONEOS_DEPLOYMENT_TARGET = 8.0;
				METAL_ENABLE_DEBUG_INFO = YES;
				ONLY_ACTIVE_ARCH = YES;
				SDKROOT = iphoneos;
				SWIFT_OPTIMIZATION_LEVEL = "-Onone";
			};
			name = Debug;
		};
		3DD580DF19546BB40085AA5A /* Release */ = {
			isa = XCBuildConfiguration;
			buildSettings = {
				ALWAYS_SEARCH_USER_PATHS = NO;
				CLANG_CXX_LANGUAGE_STANDARD = "gnu++0x";
				CLANG_CXX_LIBRARY = "libc++";
				CLANG_ENABLE_MODULES = YES;
				CLANG_ENABLE_OBJC_ARC = YES;
				CLANG_WARN_BOOL_CONVERSION = YES;
				CLANG_WARN_CONSTANT_CONVERSION = YES;
				CLANG_WARN_DIRECT_OBJC_ISA_USAGE = YES_ERROR;
				CLANG_WARN_EMPTY_BODY = YES;
				CLANG_WARN_ENUM_CONVERSION = YES;
				CLANG_WARN_INT_CONVERSION = YES;
				CLANG_WARN_OBJC_ROOT_CLASS = YES_ERROR;
				CLANG_WARN_UNREACHABLE_CODE = YES;
				CLANG_WARN__DUPLICATE_METHOD_MATCH = YES;
				"CODE_SIGN_IDENTITY[sdk=iphoneos*]" = "iPhone Developer";
				COPY_PHASE_STRIP = YES;
				ENABLE_NS_ASSERTIONS = NO;
				ENABLE_STRICT_OBJC_MSGSEND = YES;
				GCC_C_LANGUAGE_STANDARD = gnu99;
				GCC_WARN_64_TO_32_BIT_CONVERSION = YES;
				GCC_WARN_ABOUT_RETURN_TYPE = YES_ERROR;
				GCC_WARN_UNDECLARED_SELECTOR = YES;
				GCC_WARN_UNINITIALIZED_AUTOS = YES_AGGRESSIVE;
				GCC_WARN_UNUSED_FUNCTION = YES;
				GCC_WARN_UNUSED_VARIABLE = YES;
				IPHONEOS_DEPLOYMENT_TARGET = 8.0;
				METAL_ENABLE_DEBUG_INFO = NO;
				SDKROOT = iphoneos;
				VALIDATE_PRODUCT = YES;
			};
			name = Release;
		};
		3DD580E119546BB40085AA5A /* Debug */ = {
			isa = XCBuildConfiguration;
			buildSettings = {
				ASSETCATALOG_COMPILER_APPICON_NAME = AppIcon;
				ASSETCATALOG_COMPILER_LAUNCHIMAGE_NAME = LaunchImage;
				INFOPLIST_FILE = "test app/Info.plist";
				LD_RUNPATH_SEARCH_PATHS = "$(inherited) @executable_path/Frameworks";
				PRODUCT_NAME = "$(TARGET_NAME)";
			};
			name = Debug;
		};
		3DD580E219546BB40085AA5A /* Release */ = {
			isa = XCBuildConfiguration;
			buildSettings = {
				ASSETCATALOG_COMPILER_APPICON_NAME = AppIcon;
				ASSETCATALOG_COMPILER_LAUNCHIMAGE_NAME = LaunchImage;
				INFOPLIST_FILE = "test app/Info.plist";
				LD_RUNPATH_SEARCH_PATHS = "$(inherited) @executable_path/Frameworks";
				PRODUCT_NAME = "$(TARGET_NAME)";
			};
			name = Release;
		};
		3DD580E419546BB40085AA5A /* Debug */ = {
			isa = XCBuildConfiguration;
			buildSettings = {
				BUNDLE_LOADER = "$(BUILT_PRODUCTS_DIR)/test app.app/test app";
				FRAMEWORK_SEARCH_PATHS = (
					"$(SDKROOT)/Developer/Library/Frameworks",
					"$(inherited)",
				);
				GCC_PREPROCESSOR_DEFINITIONS = (
					"DEBUG=1",
					"$(inherited)",
				);
				INFOPLIST_FILE = "test appTests/Info.plist";
				LD_RUNPATH_SEARCH_PATHS = "$(inherited) @executable_path/Frameworks @loader_path/Frameworks";
				METAL_ENABLE_DEBUG_INFO = YES;
				PRODUCT_NAME = "$(TARGET_NAME)";
				TEST_HOST = "$(BUNDLE_LOADER)";
			};
			name = Debug;
		};
		3DD580E519546BB40085AA5A /* Release */ = {
			isa = XCBuildConfiguration;
			buildSettings = {
				BUNDLE_LOADER = "$(BUILT_PRODUCTS_DIR)/test app.app/test app";
				FRAMEWORK_SEARCH_PATHS = (
					"$(SDKROOT)/Developer/Library/Frameworks",
					"$(inherited)",
				);
				INFOPLIST_FILE = "test appTests/Info.plist";
				LD_RUNPATH_SEARCH_PATHS = "$(inherited) @executable_path/Frameworks @loader_path/Frameworks";
				METAL_ENABLE_DEBUG_INFO = NO;
				PRODUCT_NAME = "$(TARGET_NAME)";
				TEST_HOST = "$(BUNDLE_LOADER)";
			};
			name = Release;
		};
/* End XCBuildConfiguration section */

/* Begin XCConfigurationList section */
		3DD580BF19546BB40085AA5A /* Build configuration list for PBXProject "test app" */ = {
			isa = XCConfigurationList;
			buildConfigurations = (
				3DD580DE19546BB40085AA5A /* Debug */,
				3DD580DF19546BB40085AA5A /* Release */,
			);
			defaultConfigurationIsVisible = 0;
			defaultConfigurationName = Release;
		};
		3DD580E019546BB40085AA5A /* Build configuration list for PBXNativeTarget "test app" */ = {
			isa = XCConfigurationList;
			buildConfigurations = (
				3DD580E119546BB40085AA5A /* Debug */,
				3DD580E219546BB40085AA5A /* Release */,
			);
			defaultConfigurationIsVisible = 0;
		};
		3DD580E319546BB40085AA5A /* Build configuration list for PBXNativeTarget "test appTests" */ = {
			isa = XCConfigurationList;
			buildConfigurations = (
				3DD580E419546BB40085AA5A /* Debug */,
				3DD580E519546BB40085AA5A /* Release */,
			);
			defaultConfigurationIsVisible = 0;
		};
/* End XCConfigurationList section */
	};
	rootObject = 3DD580BC19546BB40085AA5A /* Project object */;
}
